
Microsoft Visual Studio Solution File, Format Version 12.00
# Visual Studio Version 17
VisualStudioVersion = 17.5.002.0
MinimumVisualStudioVersion = 10.0.40219.1
Project("{9A19103F-16F7-4668-BE54-9A1E7A4F7556}") = "PortfolioApp", "PortfolioApp.csproj", "{0919936B-5001-4935-AB70-1A4F390CA63E}"
EndProject
Global
	GlobalSection(SolutionConfigurationPlatforms) = preSolution
		Debug|Any CPU = Debug|Any CPU
		Release|Any CPU = Release|Any CPU
	EndGlobalSection
	GlobalSection(ProjectConfigurationPlatforms) = postSolution
		{0919936B-5001-4935-AB70-1A4F390CA63E}.Debug|Any CPU.ActiveCfg = Debug|Any CPU
		{0919936B-5001-4935-AB70-1A4F390CA63E}.Debug|Any CPU.Build.0 = Debug|Any CPU
		{0919936B-5001-4935-AB70-1A4F390CA63E}.Release|Any CPU.ActiveCfg = Release|Any CPU
		{0919936B-5001-4935-AB70-1A4F390CA63E}.Release|Any CPU.Build.0 = Release|Any CPU
	EndGlobalSection
	GlobalSection(SolutionProperties) = preSolution
		HideSolutionNode = FALSE
	EndGlobalSection
	GlobalSection(ExtensibilityGlobals) = postSolution
		SolutionGuid = {547C23AE-DB02-41DD-A2DB-7184469A00CB}
	EndGlobalSection
EndGlobal
